// !$*UTF8*$!
{
	archiveVersion = 1;
	classes = {
	};
	objectVersion = 55;
	objects = {

/* Begin PBXBuildFile section */
		81145B81286D38D500A0929B /* Card.swift in Sources */ = {isa = PBXBuildFile; fileRef = 81145B7E286D38D500A0929B /* Card.swift */; };
		81145B82286D38D500A0929B /* Data.swift in Sources */ = {isa = PBXBuildFile; fileRef = 81145B7F286D38D500A0929B /* Data.swift */; };
		81145B83286D38D500A0929B /* Theme.swift in Sources */ = {isa = PBXBuildFile; fileRef = 81145B80286D38D500A0929B /* Theme.swift */; };
		81145B89286D391F00A0929B /* PhotoCaptureProcessor.swift in Sources */ = {isa = PBXBuildFile; fileRef = 81145B84286D391F00A0929B /* PhotoCaptureProcessor.swift */; };
		81145B8A286D391F00A0929B /* CameraService+Enums.swift in Sources */ = {isa = PBXBuildFile; fileRef = 81145B85286D391F00A0929B /* CameraService+Enums.swift */; };
		81145B8B286D391F00A0929B /* CameraService+Extensions.swift in Sources */ = {isa = PBXBuildFile; fileRef = 81145B86286D391F00A0929B /* CameraService+Extensions.swift */; };
		81145B8C286D391F00A0929B /* CameraService.swift in Sources */ = {isa = PBXBuildFile; fileRef = 81145B87286D391F00A0929B /* CameraService.swift */; };
		81145B8D286D391F00A0929B /* ImageResizer.swift in Sources */ = {isa = PBXBuildFile; fileRef = 81145B88286D391F00A0929B /* ImageResizer.swift */; };
		81145B91286D393100A0929B /* SmallPhotoView.swift in Sources */ = {isa = PBXBuildFile; fileRef = 81145B8E286D393100A0929B /* SmallPhotoView.swift */; };
		81145B92286D393100A0929B /* ToggleButton.swift in Sources */ = {isa = PBXBuildFile; fileRef = 81145B8F286D393100A0929B /* ToggleButton.swift */; };
		81145B93286D393100A0929B /* CameraView.swift in Sources */ = {isa = PBXBuildFile; fileRef = 81145B90286D393100A0929B /* CameraView.swift */; };
		81145B96286D395E00A0929B /* UrlStackView.swift in Sources */ = {isa = PBXBuildFile; fileRef = 81145B94286D395C00A0929B /* UrlStackView.swift */; };
		81145B97286D395E00A0929B /* UrlCardView.swift in Sources */ = {isa = PBXBuildFile; fileRef = 81145B95286D395C00A0929B /* UrlCardView.swift */; };
		81145B9A286D39A100A0929B /* RelationDetailView.swift in Sources */ = {isa = PBXBuildFile; fileRef = 81145B98286D39A100A0929B /* RelationDetailView.swift */; };
		81145B9B286D39A100A0929B /* IcloudPeople.swift in Sources */ = {isa = PBXBuildFile; fileRef = 81145B99286D39A100A0929B /* IcloudPeople.swift */; };
		814ED037280EF7A500869193 /* ____App.swift in Sources */ = {isa = PBXBuildFile; fileRef = 814ED036280EF7A500869193 /* ____App.swift */; };
		814ED03B280EF7A600869193 /* Assets.xcassets in Resources */ = {isa = PBXBuildFile; fileRef = 814ED03A280EF7A600869193 /* Assets.xcassets */; };
		814ED046280EF81000869193 /* FeedBacks.swift in Sources */ = {isa = PBXBuildFile; fileRef = 814ED045280EF81000869193 /* FeedBacks.swift */; };
		814ED048280EF84A00869193 /* ViewModifiers.swift in Sources */ = {isa = PBXBuildFile; fileRef = 814ED047280EF84A00869193 /* ViewModifiers.swift */; };
		814ED04A280EF87200869193 /* PhotoModelFileManager.swift in Sources */ = {isa = PBXBuildFile; fileRef = 814ED049280EF87200869193 /* PhotoModelFileManager.swift */; };
		814ED04D280EF8B100869193 /* CloudkitUserBootcamp.swift in Sources */ = {isa = PBXBuildFile; fileRef = 814ED04C280EF8B100869193 /* CloudkitUserBootcamp.swift */; };
		814ED04F280EF8CB00869193 /* CloudKitUtility.swift in Sources */ = {isa = PBXBuildFile; fileRef = 814ED04E280EF8CB00869193 /* CloudKitUtility.swift */; };
		814ED073280EFA8A00869193 /* StackViewModel.swift in Sources */ = {isa = PBXBuildFile; fileRef = 814ED06C280EFA8A00869193 /* StackViewModel.swift */; };
		814ED07F280EFAED00869193 /* ContentView.swift in Sources */ = {isa = PBXBuildFile; fileRef = 814ED07E280EFAED00869193 /* ContentView.swift */; };
		814ED083280EFB1C00869193 /* CloudKit.framework in Frameworks */ = {isa = PBXBuildFile; fileRef = 814ED082280EFB1C00869193 /* CloudKit.framework */; };
		8153AC89286DAA8A0033529F /* AsyncCloudKit in Frameworks */ = {isa = PBXBuildFile; productRef = 8153AC88286DAA8A0033529F /* AsyncCloudKit */; };
		8171C2E3286ECC3E00517DD5 /* AsyncCamView.swift in Sources */ = {isa = PBXBuildFile; fileRef = 8171C2E2286ECC3E00517DD5 /* AsyncCamView.swift */; };
		8171C2E6286ECC9D00517DD5 /* CamDataModel.swift in Sources */ = {isa = PBXBuildFile; fileRef = 8171C2E5286ECC9D00517DD5 /* CamDataModel.swift */; };
		8171C2E8286ECCB100517DD5 /* CamKernel.swift in Sources */ = {isa = PBXBuildFile; fileRef = 8171C2E7286ECCB100517DD5 /* CamKernel.swift */; };
		8171C2EA286ED18800517DD5 /* ThumbNailView.swift in Sources */ = {isa = PBXBuildFile; fileRef = 8171C2E9286ED18800517DD5 /* ThumbNailView.swift */; };
		8198B6E4286D2E530096BC19 /* Preview Content in Resources */ = {isa = PBXBuildFile; fileRef = 8198B6E3286D2E530096BC19 /* Preview Content */; };
/* End PBXBuildFile section */

/* Begin PBXFileReference section */
		81061D9728127DC800BC7EA4 /* --GaGa-Info.plist */ = {isa = PBXFileReference; lastKnownFileType = text.plist.xml; path = "--GaGa-Info.plist"; sourceTree = SOURCE_ROOT; };
		81145B7E286D38D500A0929B /* Card.swift */ = {isa = PBXFileReference; fileEncoding = 4; lastKnownFileType = sourcecode.swift; name = Card.swift; path = "吹微相机/Models/Card.swift"; sourceTree = SOURCE_ROOT; };
		81145B7F286D38D500A0929B /* Data.swift */ = {isa = PBXFileReference; fileEncoding = 4; lastKnownFileType = sourcecode.swift; name = Data.swift; path = "吹微相机/Models/Data.swift"; sourceTree = SOURCE_ROOT; };
		81145B80286D38D500A0929B /* Theme.swift */ = {isa = PBXFileReference; fileEncoding = 4; lastKnownFileType = sourcecode.swift; name = Theme.swift; path = "吹微相机/Models/Theme.swift"; sourceTree = SOURCE_ROOT; };
		81145B84286D391F00A0929B /* PhotoCaptureProcessor.swift */ = {isa = PBXFileReference; fileEncoding = 4; lastKnownFileType = sourcecode.swift; name = PhotoCaptureProcessor.swift; path = "吹微相机/Views/Camera/CameraModels/PhotoCaptureProcessor.swift"; sourceTree = SOURCE_ROOT; };
		81145B85286D391F00A0929B /* CameraService+Enums.swift */ = {isa = PBXFileReference; fileEncoding = 4; lastKnownFileType = sourcecode.swift; name = "CameraService+Enums.swift"; path = "吹微相机/Views/Camera/CameraModels/CameraService+Enums.swift"; sourceTree = SOURCE_ROOT; };
		81145B86286D391F00A0929B /* CameraService+Extensions.swift */ = {isa = PBXFileReference; fileEncoding = 4; lastKnownFileType = sourcecode.swift; name = "CameraService+Extensions.swift"; path = "吹微相机/Views/Camera/CameraModels/CameraService+Extensions.swift"; sourceTree = SOURCE_ROOT; };
		81145B87286D391F00A0929B /* CameraService.swift */ = {isa = PBXFileReference; fileEncoding = 4; lastKnownFileType = sourcecode.swift; name = CameraService.swift; path = "吹微相机/Views/Camera/CameraModels/CameraService.swift"; sourceTree = SOURCE_ROOT; };
		81145B88286D391F00A0929B /* ImageResizer.swift */ = {isa = PBXFileReference; fileEncoding = 4; lastKnownFileType = sourcecode.swift; name = ImageResizer.swift; path = "吹微相机/Views/Camera/CameraModels/ImageResizer.swift"; sourceTree = SOURCE_ROOT; };
		81145B8E286D393100A0929B /* SmallPhotoView.swift */ = {isa = PBXFileReference; fileEncoding = 4; lastKnownFileType = sourcecode.swift; name = SmallPhotoView.swift; path = "吹微相机/Views/Camera/SmallPhotoView.swift"; sourceTree = SOURCE_ROOT; };
		81145B8F286D393100A0929B /* ToggleButton.swift */ = {isa = PBXFileReference; fileEncoding = 4; lastKnownFileType = sourcecode.swift; name = ToggleButton.swift; path = "吹微相机/Views/Camera/ToggleButton.swift"; sourceTree = SOURCE_ROOT; };
		81145B90286D393100A0929B /* CameraView.swift */ = {isa = PBXFileReference; fileEncoding = 4; lastKnownFileType = sourcecode.swift; name = CameraView.swift; path = "吹微相机/Views/Camera/CameraView.swift"; sourceTree = SOURCE_ROOT; };
		81145B94286D395C00A0929B /* UrlStackView.swift */ = {isa = PBXFileReference; fileEncoding = 4; lastKnownFileType = sourcecode.swift; name = UrlStackView.swift; path = "吹微相机/Views/Album/UrlStackView.swift"; sourceTree = SOURCE_ROOT; };
		81145B95286D395C00A0929B /* UrlCardView.swift */ = {isa = PBXFileReference; fileEncoding = 4; lastKnownFileType = sourcecode.swift; name = UrlCardView.swift; path = "吹微相机/Views/Album/UrlCardView.swift"; sourceTree = SOURCE_ROOT; };
		81145B98286D39A100A0929B /* RelationDetailView.swift */ = {isa = PBXFileReference; fileEncoding = 4; lastKnownFileType = sourcecode.swift; name = RelationDetailView.swift; path = "吹微相机/Views/People/RelationDetailView.swift"; sourceTree = SOURCE_ROOT; };
		81145B99286D39A100A0929B /* IcloudPeople.swift */ = {isa = PBXFileReference; fileEncoding = 4; lastKnownFileType = sourcecode.swift; name = IcloudPeople.swift; path = "吹微相机/Views/People/IcloudPeople.swift"; sourceTree = SOURCE_ROOT; };
		814ED033280EF7A500869193 /* TriviGaGa.app */ = {isa = PBXFileReference; explicitFileType = wrapper.application; includeInIndex = 0; path = TriviGaGa.app; sourceTree = BUILT_PRODUCTS_DIR; };
		814ED036280EF7A500869193 /* ____App.swift */ = {isa = PBXFileReference; lastKnownFileType = sourcecode.swift; name = "____App.swift"; path = "吹微相机/____App.swift"; sourceTree = SOURCE_ROOT; };
		814ED03A280EF7A600869193 /* Assets.xcassets */ = {isa = PBXFileReference; lastKnownFileType = folder.assetcatalog; name = Assets.xcassets; path = "吹微相机/Assets.xcassets"; sourceTree = SOURCE_ROOT; };
		814ED045280EF81000869193 /* FeedBacks.swift */ = {isa = PBXFileReference; lastKnownFileType = sourcecode.swift; name = FeedBacks.swift; path = "吹微相机/Utilities/FeedBacks.swift"; sourceTree = SOURCE_ROOT; };
		814ED047280EF84A00869193 /* ViewModifiers.swift */ = {isa = PBXFileReference; lastKnownFileType = sourcecode.swift; name = ViewModifiers.swift; path = "吹微相机/Utilities/ViewModifiers.swift"; sourceTree = SOURCE_ROOT; };
		814ED049280EF87200869193 /* PhotoModelFileManager.swift */ = {isa = PBXFileReference; lastKnownFileType = sourcecode.swift; name = PhotoModelFileManager.swift; path = "吹微相机/Utilities/PhotoModelFileManager.swift"; sourceTree = SOURCE_ROOT; };
		814ED04C280EF8B100869193 /* CloudkitUserBootcamp.swift */ = {isa = PBXFileReference; lastKnownFileType = sourcecode.swift; name = CloudkitUserBootcamp.swift; path = "吹微相机/Utilities/CloudkitCrud/CloudkitUserBootcamp.swift"; sourceTree = SOURCE_ROOT; };
		814ED04E280EF8CB00869193 /* CloudKitUtility.swift */ = {isa = PBXFileReference; lastKnownFileType = sourcecode.swift; name = CloudKitUtility.swift; path = "吹微相机/Utilities/CloudkitCrud/CloudKitUtility.swift"; sourceTree = SOURCE_ROOT; };
		814ED06C280EFA8A00869193 /* StackViewModel.swift */ = {isa = PBXFileReference; fileEncoding = 4; lastKnownFileType = sourcecode.swift; name = StackViewModel.swift; path = "吹微相机/Views/Album/ViewModels/StackViewModel.swift"; sourceTree = SOURCE_ROOT; };
		814ED07E280EFAED00869193 /* ContentView.swift */ = {isa = PBXFileReference; fileEncoding = 4; lastKnownFileType = sourcecode.swift; name = ContentView.swift; path = "吹微相机/ContentView.swift"; sourceTree = SOURCE_ROOT; };
		814ED080280EFB1600869193 /* 吹微相机.entitlements */ = {isa = PBXFileReference; lastKnownFileType = text.plist.entitlements; name = "吹微相机.entitlements"; path = "吹微相机/吹微相机.entitlements"; sourceTree = SOURCE_ROOT; };
		814ED082280EFB1C00869193 /* CloudKit.framework */ = {isa = PBXFileReference; lastKnownFileType = wrapper.framework; name = CloudKit.framework; path = System/Library/Frameworks/CloudKit.framework; sourceTree = SDKROOT; };
		8171C2E2286ECC3E00517DD5 /* AsyncCamView.swift */ = {isa = PBXFileReference; lastKnownFileType = sourcecode.swift; path = AsyncCamView.swift; sourceTree = "<group>"; };
		8171C2E5286ECC9D00517DD5 /* CamDataModel.swift */ = {isa = PBXFileReference; lastKnownFileType = sourcecode.swift; path = CamDataModel.swift; sourceTree = "<group>"; };
		8171C2E7286ECCB100517DD5 /* CamKernel.swift */ = {isa = PBXFileReference; lastKnownFileType = sourcecode.swift; path = CamKernel.swift; sourceTree = "<group>"; };
		8171C2E9286ED18800517DD5 /* ThumbNailView.swift */ = {isa = PBXFileReference; lastKnownFileType = sourcecode.swift; path = ThumbNailView.swift; sourceTree = "<group>"; };
		8198B6E3286D2E530096BC19 /* Preview Content */ = {isa = PBXFileReference; lastKnownFileType = folder; name = "Preview Content"; path = "吹微相机/Preview Content"; sourceTree = SOURCE_ROOT; };
/* End PBXFileReference section */

/* Begin PBXFrameworksBuildPhase section */
		814ED030280EF7A500869193 /* Frameworks */ = {
			isa = PBXFrameworksBuildPhase;
			buildActionMask = 2147483647;
			files = (
				8153AC89286DAA8A0033529F /* AsyncCloudKit in Frameworks */,
				814ED083280EFB1C00869193 /* CloudKit.framework in Frameworks */,
			);
			runOnlyForDeploymentPostprocessing = 0;
		};
/* End PBXFrameworksBuildPhase section */

/* Begin PBXGroup section */
		814ED02A280EF7A500869193 = {
			isa = PBXGroup;
			children = (
				81061D9728127DC800BC7EA4 /* --GaGa-Info.plist */,
				814ED035280EF7A500869193 /* 吹微相机 */,
				8198B6E3286D2E530096BC19 /* Preview Content */,
				814ED034280EF7A500869193 /* Products */,
				814ED081280EFB1C00869193 /* Frameworks */,
			);
			sourceTree = "<group>";
		};
		814ED034280EF7A500869193 /* Products */ = {
			isa = PBXGroup;
			children = (
				814ED033280EF7A500869193 /* TriviGaGa.app */,
			);
			name = Products;
			sourceTree = SOURCE_ROOT;
		};
		814ED035280EF7A500869193 /* 吹微相机 */ = {
			isa = PBXGroup;
			children = (
				814ED080280EFB1600869193 /* 吹微相机.entitlements */,
				814ED057280EF93300869193 /* Views */,
				814ED050280EF8E000869193 /* Models */,
				814ED044280EF7F200869193 /* Utilities */,
				814ED036280EF7A500869193 /* ____App.swift */,
				814ED07E280EFAED00869193 /* ContentView.swift */,
				814ED03A280EF7A600869193 /* Assets.xcassets */,
			);
			path = "吹微相机";
			sourceTree = SOURCE_ROOT;
		};
		814ED044280EF7F200869193 /* Utilities */ = {
			isa = PBXGroup;
			children = (
				814ED04B280EF88C00869193 /* CloudkitCrud */,
				814ED045280EF81000869193 /* FeedBacks.swift */,
				814ED047280EF84A00869193 /* ViewModifiers.swift */,
				814ED049280EF87200869193 /* PhotoModelFileManager.swift */,
			);
			name = Utilities;
			path = "吹微相机/Utilities";
			sourceTree = SOURCE_ROOT;
		};
		814ED04B280EF88C00869193 /* CloudkitCrud */ = {
			isa = PBXGroup;
			children = (
				814ED04C280EF8B100869193 /* CloudkitUserBootcamp.swift */,
				814ED04E280EF8CB00869193 /* CloudKitUtility.swift */,
			);
			name = CloudkitCrud;
			path = "吹微相机/Utilities/CloudkitCrud";
			sourceTree = SOURCE_ROOT;
		};
		814ED050280EF8E000869193 /* Models */ = {
			isa = PBXGroup;
			children = (
				81145B7E286D38D500A0929B /* Card.swift */,
				81145B7F286D38D500A0929B /* Data.swift */,
				81145B80286D38D500A0929B /* Theme.swift */,
			);
			name = Models;
			path = "吹微相机/Models";
			sourceTree = SOURCE_ROOT;
		};
		814ED057280EF93300869193 /* Views */ = {
			isa = PBXGroup;
			children = (
				8171C2E4286ECC7600517DD5 /* AsyncCam */,
				814ED079280EFAA000869193 /* People */,
				814ED06A280EFA8A00869193 /* Album */,
				814ED058280EF93A00869193 /* Camera */,
			);
			name = Views;
			path = "吹微相机/Views";
			sourceTree = SOURCE_ROOT;
		};
		814ED058280EF93A00869193 /* Camera */ = {
			isa = PBXGroup;
			children = (
				81145B90286D393100A0929B /* CameraView.swift */,
				81145B8E286D393100A0929B /* SmallPhotoView.swift */,
				81145B8F286D393100A0929B /* ToggleButton.swift */,
				814ED05B280EF9C700869193 /* CameraModels */,
			);
			name = Camera;
			path = "吹微相机/Views/Camera";
			sourceTree = SOURCE_ROOT;
		};
		814ED05B280EF9C700869193 /* CameraModels */ = {
			isa = PBXGroup;
			children = (
				81145B87286D391F00A0929B /* CameraService.swift */,
				81145B85286D391F00A0929B /* CameraService+Enums.swift */,
				81145B86286D391F00A0929B /* CameraService+Extensions.swift */,
				81145B88286D391F00A0929B /* ImageResizer.swift */,
				81145B84286D391F00A0929B /* PhotoCaptureProcessor.swift */,
			);
			name = CameraModels;
			path = "吹微相机/Views/Camera/CameraModels";
			sourceTree = SOURCE_ROOT;
		};
		814ED06A280EFA8A00869193 /* Album */ = {
			isa = PBXGroup;
			children = (
				81145B95286D395C00A0929B /* UrlCardView.swift */,
				81145B94286D395C00A0929B /* UrlStackView.swift */,
				814ED06B280EFA8A00869193 /* ViewModels */,
			);
			name = Album;
			path = "吹微相机/Views/Album";
			sourceTree = SOURCE_ROOT;
		};
		814ED06B280EFA8A00869193 /* ViewModels */ = {
			isa = PBXGroup;
			children = (
				814ED06C280EFA8A00869193 /* StackViewModel.swift */,
			);
			name = ViewModels;
			path = "吹微相机/Views/Album/ViewModels";
			sourceTree = SOURCE_ROOT;
		};
		814ED079280EFAA000869193 /* People */ = {
			isa = PBXGroup;
			children = (
				81145B99286D39A100A0929B /* IcloudPeople.swift */,
				81145B98286D39A100A0929B /* RelationDetailView.swift */,
			);
			name = People;
			path = "吹微相机/Views/People";
			sourceTree = SOURCE_ROOT;
		};
		814ED081280EFB1C00869193 /* Frameworks */ = {
			isa = PBXGroup;
			children = (
				814ED082280EFB1C00869193 /* CloudKit.framework */,
			);
			name = Frameworks;
			sourceTree = SOURCE_ROOT;
		};
		8171C2E4286ECC7600517DD5 /* AsyncCam */ = {
			isa = PBXGroup;
			children = (
				8171C2E2286ECC3E00517DD5 /* AsyncCamView.swift */,
				8171C2E5286ECC9D00517DD5 /* CamDataModel.swift */,
				8171C2E7286ECCB100517DD5 /* CamKernel.swift */,
				8171C2E9286ED18800517DD5 /* ThumbNailView.swift */,
			);
			path = AsyncCam;
			sourceTree = "<group>";
		};
/* End PBXGroup section */

/* Begin PBXNativeTarget section */
		814ED032280EF7A500869193 /* TriviGaGa */ = {
			isa = PBXNativeTarget;
			buildConfigurationList = 814ED041280EF7A600869193 /* Build configuration list for PBXNativeTarget "TriviGaGa" */;
			buildPhases = (
				814ED02F280EF7A500869193 /* Sources */,
				814ED030280EF7A500869193 /* Frameworks */,
				814ED031280EF7A500869193 /* Resources */,
			);
			buildRules = (
			);
			dependencies = (
			);
			name = TriviGaGa;
			packageProductDependencies = (
				8153AC88286DAA8A0033529F /* AsyncCloudKit */,
			);
			productName = "吹微相机";
			productReference = 814ED033280EF7A500869193 /* TriviGaGa.app */;
			productType = "com.apple.product-type.application";
		};
/* End PBXNativeTarget section */

/* Begin PBXProject section */
		814ED02B280EF7A500869193 /* Project object */ = {
			isa = PBXProject;
			attributes = {
				BuildIndependentTargetsInParallel = 1;
				LastSwiftUpdateCheck = 1330;
				LastUpgradeCheck = 1400;
				TargetAttributes = {
					814ED032280EF7A500869193 = {
						CreatedOnToolsVersion = 13.3.1;
					};
				};
			};
			buildConfigurationList = 814ED02E280EF7A500869193 /* Build configuration list for PBXProject "TriviGaGa" */;
			compatibilityVersion = "Xcode 13.0";
			developmentRegion = en;
			hasScannedForEncodings = 0;
			knownRegions = (
				en,
				Base,
				"zh-Hans",
			);
			mainGroup = 814ED02A280EF7A500869193;
			packageReferences = (
				8153AC87286DAA8A0033529F /* XCRemoteSwiftPackageReference "AsyncCloudKit" */,
			);
			productRefGroup = 814ED034280EF7A500869193 /* Products */;
			projectDirPath = "";
			projectRoot = "";
			targets = (
				814ED032280EF7A500869193 /* TriviGaGa */,
			);
		};
/* End PBXProject section */

/* Begin PBXResourcesBuildPhase section */
		814ED031280EF7A500869193 /* Resources */ = {
			isa = PBXResourcesBuildPhase;
			buildActionMask = 2147483647;
			files = (
				8198B6E4286D2E530096BC19 /* Preview Content in Resources */,
				814ED03B280EF7A600869193 /* Assets.xcassets in Resources */,
			);
			runOnlyForDeploymentPostprocessing = 0;
		};
/* End PBXResourcesBuildPhase section */

/* Begin PBXSourcesBuildPhase section */
		814ED02F280EF7A500869193 /* Sources */ = {
			isa = PBXSourcesBuildPhase;
			buildActionMask = 2147483647;
			files = (
				81145B8C286D391F00A0929B /* CameraService.swift in Sources */,
				81145B89286D391F00A0929B /* PhotoCaptureProcessor.swift in Sources */,
				81145B8B286D391F00A0929B /* CameraService+Extensions.swift in Sources */,
				814ED046280EF81000869193 /* FeedBacks.swift in Sources */,
				81145B96286D395E00A0929B /* UrlStackView.swift in Sources */,
				8171C2E6286ECC9D00517DD5 /* CamDataModel.swift in Sources */,
				81145B83286D38D500A0929B /* Theme.swift in Sources */,
				81145B8A286D391F00A0929B /* CameraService+Enums.swift in Sources */,
				81145B9A286D39A100A0929B /* RelationDetailView.swift in Sources */,
				81145B91286D393100A0929B /* SmallPhotoView.swift in Sources */,
				814ED037280EF7A500869193 /* ____App.swift in Sources */,
				81145B97286D395E00A0929B /* UrlCardView.swift in Sources */,
				8171C2E8286ECCB100517DD5 /* CamKernel.swift in Sources */,
				814ED07F280EFAED00869193 /* ContentView.swift in Sources */,
				814ED073280EFA8A00869193 /* StackViewModel.swift in Sources */,
				814ED048280EF84A00869193 /* ViewModifiers.swift in Sources */,
				814ED04D280EF8B100869193 /* CloudkitUserBootcamp.swift in Sources */,
				8171C2EA286ED18800517DD5 /* ThumbNailView.swift in Sources */,
				81145B82286D38D500A0929B /* Data.swift in Sources */,
				81145B81286D38D500A0929B /* Card.swift in Sources */,
				814ED04F280EF8CB00869193 /* CloudKitUtility.swift in Sources */,
				81145B93286D393100A0929B /* CameraView.swift in Sources */,
				81145B8D286D391F00A0929B /* ImageResizer.swift in Sources */,
				81145B9B286D39A100A0929B /* IcloudPeople.swift in Sources */,
				81145B92286D393100A0929B /* ToggleButton.swift in Sources */,
				814ED04A280EF87200869193 /* PhotoModelFileManager.swift in Sources */,
				8171C2E3286ECC3E00517DD5 /* AsyncCamView.swift in Sources */,
			);
			runOnlyForDeploymentPostprocessing = 0;
		};
/* End PBXSourcesBuildPhase section */

/* Begin XCBuildConfiguration section */
		814ED03F280EF7A600869193 /* Debug */ = {
			isa = XCBuildConfiguration;
			buildSettings = {
				ALWAYS_SEARCH_USER_PATHS = NO;
				CLANG_ANALYZER_LOCALIZABILITY_NONLOCALIZED = YES;
				CLANG_ANALYZER_NONNULL = YES;
				CLANG_ANALYZER_NUMBER_OBJECT_CONVERSION = YES_AGGRESSIVE;
				CLANG_CXX_LANGUAGE_STANDARD = "gnu++17";
				CLANG_ENABLE_MODULES = YES;
				CLANG_ENABLE_OBJC_ARC = YES;
				CLANG_ENABLE_OBJC_WEAK = YES;
				CLANG_WARN_BLOCK_CAPTURE_AUTORELEASING = YES;
				CLANG_WARN_BOOL_CONVERSION = YES;
				CLANG_WARN_COMMA = YES;
				CLANG_WARN_CONSTANT_CONVERSION = YES;
				CLANG_WARN_DEPRECATED_OBJC_IMPLEMENTATIONS = YES;
				CLANG_WARN_DIRECT_OBJC_ISA_USAGE = YES_ERROR;
				CLANG_WARN_DOCUMENTATION_COMMENTS = YES;
				CLANG_WARN_EMPTY_BODY = YES;
				CLANG_WARN_ENUM_CONVERSION = YES;
				CLANG_WARN_INFINITE_RECURSION = YES;
				CLANG_WARN_INT_CONVERSION = YES;
				CLANG_WARN_NON_LITERAL_NULL_CONVERSION = YES;
				CLANG_WARN_OBJC_IMPLICIT_RETAIN_SELF = YES;
				CLANG_WARN_OBJC_LITERAL_CONVERSION = YES;
				CLANG_WARN_OBJC_ROOT_CLASS = YES_ERROR;
				CLANG_WARN_QUOTED_INCLUDE_IN_FRAMEWORK_HEADER = YES;
				CLANG_WARN_RANGE_LOOP_ANALYSIS = YES;
				CLANG_WARN_STRICT_PROTOTYPES = YES;
				CLANG_WARN_SUSPICIOUS_MOVE = YES;
				CLANG_WARN_UNGUARDED_AVAILABILITY = YES_AGGRESSIVE;
				CLANG_WARN_UNREACHABLE_CODE = YES;
				CLANG_WARN__DUPLICATE_METHOD_MATCH = YES;
				COPY_PHASE_STRIP = NO;
				DEBUG_INFORMATION_FORMAT = dwarf;
				ENABLE_STRICT_OBJC_MSGSEND = YES;
				ENABLE_TESTABILITY = YES;
				GCC_C_LANGUAGE_STANDARD = gnu11;
				GCC_DYNAMIC_NO_PIC = NO;
				GCC_NO_COMMON_BLOCKS = YES;
				GCC_OPTIMIZATION_LEVEL = 0;
				GCC_PREPROCESSOR_DEFINITIONS = (
					"DEBUG=1",
					"$(inherited)",
				);
				GCC_WARN_64_TO_32_BIT_CONVERSION = YES;
				GCC_WARN_ABOUT_RETURN_TYPE = YES_ERROR;
				GCC_WARN_UNDECLARED_SELECTOR = YES;
				GCC_WARN_UNINITIALIZED_AUTOS = YES_AGGRESSIVE;
				GCC_WARN_UNUSED_FUNCTION = YES;
				GCC_WARN_UNUSED_VARIABLE = YES;
				IPHONEOS_DEPLOYMENT_TARGET = 16.0;
				MTL_ENABLE_DEBUG_INFO = INCLUDE_SOURCE;
				MTL_FAST_MATH = YES;
				ONLY_ACTIVE_ARCH = YES;
				SDKROOT = iphoneos;
				SWIFT_ACTIVE_COMPILATION_CONDITIONS = DEBUG;
				SWIFT_OPTIMIZATION_LEVEL = "-Onone";
			};
			name = Debug;
		};
		814ED040280EF7A600869193 /* Release */ = {
			isa = XCBuildConfiguration;
			buildSettings = {
				ALWAYS_SEARCH_USER_PATHS = NO;
				CLANG_ANALYZER_LOCALIZABILITY_NONLOCALIZED = YES;
				CLANG_ANALYZER_NONNULL = YES;
				CLANG_ANALYZER_NUMBER_OBJECT_CONVERSION = YES_AGGRESSIVE;
				CLANG_CXX_LANGUAGE_STANDARD = "gnu++17";
				CLANG_ENABLE_MODULES = YES;
				CLANG_ENABLE_OBJC_ARC = YES;
				CLANG_ENABLE_OBJC_WEAK = YES;
				CLANG_WARN_BLOCK_CAPTURE_AUTORELEASING = YES;
				CLANG_WARN_BOOL_CONVERSION = YES;
				CLANG_WARN_COMMA = YES;
				CLANG_WARN_CONSTANT_CONVERSION = YES;
				CLANG_WARN_DEPRECATED_OBJC_IMPLEMENTATIONS = YES;
				CLANG_WARN_DIRECT_OBJC_ISA_USAGE = YES_ERROR;
				CLANG_WARN_DOCUMENTATION_COMMENTS = YES;
				CLANG_WARN_EMPTY_BODY = YES;
				CLANG_WARN_ENUM_CONVERSION = YES;
				CLANG_WARN_INFINITE_RECURSION = YES;
				CLANG_WARN_INT_CONVERSION = YES;
				CLANG_WARN_NON_LITERAL_NULL_CONVERSION = YES;
				CLANG_WARN_OBJC_IMPLICIT_RETAIN_SELF = YES;
				CLANG_WARN_OBJC_LITERAL_CONVERSION = YES;
				CLANG_WARN_OBJC_ROOT_CLASS = YES_ERROR;
				CLANG_WARN_QUOTED_INCLUDE_IN_FRAMEWORK_HEADER = YES;
				CLANG_WARN_RANGE_LOOP_ANALYSIS = YES;
				CLANG_WARN_STRICT_PROTOTYPES = YES;
				CLANG_WARN_SUSPICIOUS_MOVE = YES;
				CLANG_WARN_UNGUARDED_AVAILABILITY = YES_AGGRESSIVE;
				CLANG_WARN_UNREACHABLE_CODE = YES;
				CLANG_WARN__DUPLICATE_METHOD_MATCH = YES;
				COPY_PHASE_STRIP = NO;
				DEBUG_INFORMATION_FORMAT = "dwarf-with-dsym";
				ENABLE_NS_ASSERTIONS = NO;
				ENABLE_STRICT_OBJC_MSGSEND = YES;
				GCC_C_LANGUAGE_STANDARD = gnu11;
				GCC_NO_COMMON_BLOCKS = YES;
				GCC_WARN_64_TO_32_BIT_CONVERSION = YES;
				GCC_WARN_ABOUT_RETURN_TYPE = YES_ERROR;
				GCC_WARN_UNDECLARED_SELECTOR = YES;
				GCC_WARN_UNINITIALIZED_AUTOS = YES_AGGRESSIVE;
				GCC_WARN_UNUSED_FUNCTION = YES;
				GCC_WARN_UNUSED_VARIABLE = YES;
				IPHONEOS_DEPLOYMENT_TARGET = 16.0;
				MTL_ENABLE_DEBUG_INFO = NO;
				MTL_FAST_MATH = YES;
				SDKROOT = iphoneos;
				SWIFT_COMPILATION_MODE = wholemodule;
				SWIFT_OPTIMIZATION_LEVEL = "-O";
				VALIDATE_PRODUCT = YES;
			};
			name = Release;
		};
		814ED042280EF7A600869193 /* Debug */ = {
			isa = XCBuildConfiguration;
			buildSettings = {
				ASSETCATALOG_COMPILER_APPICON_NAME = AppIcon;
				ASSETCATALOG_COMPILER_GLOBAL_ACCENT_COLOR_NAME = AccentColor;
				CODE_SIGN_ENTITLEMENTS = "吹微相机/吹微相机.entitlements";
				CODE_SIGN_STYLE = Automatic;
				CURRENT_PROJECT_VERSION = 5;
				DEVELOPMENT_ASSET_PATHS = "\"吹微相机/Preview Content\"";
				DEVELOPMENT_TEAM = T2W53FPQ87;
				ENABLE_PREVIEWS = YES;
				GENERATE_INFOPLIST_FILE = YES;
				INFOPLIST_FILE = "--GaGa-Info.plist";
				INFOPLIST_KEY_NSCameraUsageDescription = "\"A photo will be taken and sent to the current channel only when you hit the botton below, edit the channel via the top botton\"";
				INFOPLIST_KEY_UIApplicationSceneManifest_Generation = YES;
				INFOPLIST_KEY_UIApplicationSupportsIndirectInputEvents = YES;
				INFOPLIST_KEY_UILaunchScreen_Generation = YES;
				INFOPLIST_KEY_UISupportedInterfaceOrientations = UIInterfaceOrientationPortrait;
				INFOPLIST_KEY_UISupportedInterfaceOrientations_iPad = "UIInterfaceOrientationPortrait UIInterfaceOrientationPortraitUpsideDown UIInterfaceOrientationLandscapeLeft UIInterfaceOrientationLandscapeRight";
				INFOPLIST_KEY_UISupportedInterfaceOrientations_iPhone = UIInterfaceOrientationPortrait;
				IPHONEOS_DEPLOYMENT_TARGET = 16.0;
				LD_RUNPATH_SEARCH_PATHS = (
					"$(inherited)",
					"@executable_path/Frameworks",
				);
				MARKETING_VERSION = 0.1.0;
				PRODUCT_BUNDLE_IDENTIFIER = com.dday.andyjado;
				PRODUCT_NAME = TriviGaGa;
				SWIFT_EMIT_LOC_STRINGS = YES;
				SWIFT_VERSION = 5.0;
				TARGETED_DEVICE_FAMILY = 1;
			};
			name = Debug;
		};
		814ED043280EF7A600869193 /* Release */ = {
			isa = XCBuildConfiguration;
			buildSettings = {
				ASSETCATALOG_COMPILER_APPICON_NAME = AppIcon;
				ASSETCATALOG_COMPILER_GLOBAL_ACCENT_COLOR_NAME = AccentColor;
				CODE_SIGN_ENTITLEMENTS = "吹微相机/吹微相机.entitlements";
				CODE_SIGN_STYLE = Automatic;
				CURRENT_PROJECT_VERSION = 5;
				DEVELOPMENT_ASSET_PATHS = "\"吹微相机/Preview Content\"";
				DEVELOPMENT_TEAM = T2W53FPQ87;
				ENABLE_PREVIEWS = YES;
				GENERATE_INFOPLIST_FILE = YES;
				INFOPLIST_FILE = "--GaGa-Info.plist";
				INFOPLIST_KEY_NSCameraUsageDescription = "\"A photo will be taken and sent to the current channel only when you hit the botton below, edit the channel via the top botton\"";
				INFOPLIST_KEY_UIApplicationSceneManifest_Generation = YES;
				INFOPLIST_KEY_UIApplicationSupportsIndirectInputEvents = YES;
				INFOPLIST_KEY_UILaunchScreen_Generation = YES;
				INFOPLIST_KEY_UISupportedInterfaceOrientations = UIInterfaceOrientationPortrait;
				INFOPLIST_KEY_UISupportedInterfaceOrientations_iPad = "UIInterfaceOrientationPortrait UIInterfaceOrientationPortraitUpsideDown UIInterfaceOrientationLandscapeLeft UIInterfaceOrientationLandscapeRight";
				INFOPLIST_KEY_UISupportedInterfaceOrientations_iPhone = UIInterfaceOrientationPortrait;
				IPHONEOS_DEPLOYMENT_TARGET = 16.0;
				LD_RUNPATH_SEARCH_PATHS = (
					"$(inherited)",
					"@executable_path/Frameworks",
				);
				MARKETING_VERSION = 0.1.0;
				PRODUCT_BUNDLE_IDENTIFIER = com.dday.andyjado;
				PRODUCT_NAME = TriviGaGa;
				SWIFT_EMIT_LOC_STRINGS = YES;
				SWIFT_VERSION = 5.0;
				TARGETED_DEVICE_FAMILY = 1;
			};
			name = Release;
		};
/* End XCBuildConfiguration section */

/* Begin XCConfigurationList section */
		814ED02E280EF7A500869193 /* Build configuration list for PBXProject "TriviGaGa" */ = {
			isa = XCConfigurationList;
			buildConfigurations = (
				814ED03F280EF7A600869193 /* Debug */,
				814ED040280EF7A600869193 /* Release */,
			);
			defaultConfigurationIsVisible = 0;
			defaultConfigurationName = Release;
		};
		814ED041280EF7A600869193 /* Build configuration list for PBXNativeTarget "TriviGaGa" */ = {
			isa = XCConfigurationList;
			buildConfigurations = (
				814ED042280EF7A600869193 /* Debug */,
				814ED043280EF7A600869193 /* Release */,
			);
			defaultConfigurationIsVisible = 0;
			defaultConfigurationName = Release;
		};
/* End XCConfigurationList section */

/* Begin XCRemoteSwiftPackageReference section */
		8153AC87286DAA8A0033529F /* XCRemoteSwiftPackageReference "AsyncCloudKit" */ = {
			isa = XCRemoteSwiftPackageReference;
			repositoryURL = "git@github.com:chris-araman/AsyncCloudKit.git";
			requirement = {
				kind = upToNextMajorVersion;
				minimumVersion = 1.0.0;
			};
		};
/* End XCRemoteSwiftPackageReference section */

/* Begin XCSwiftPackageProductDependency section */
		8153AC88286DAA8A0033529F /* AsyncCloudKit */ = {
			isa = XCSwiftPackageProductDependency;
			package = 8153AC87286DAA8A0033529F /* XCRemoteSwiftPackageReference "AsyncCloudKit" */;
			productName = AsyncCloudKit;
		};
/* End XCSwiftPackageProductDependency section */
	};
	rootObject = 814ED02B280EF7A500869193 /* Project object */;
}
